
Microsoft Visual Studio Solution File, Format Version 12.00
# Visual Studio Version 17
VisualStudioVersion = 17.0.31903.59
MinimumVisualStudioVersion = 10.0.40219.1
Project("{2150E333-8FDC-42A3-9474-1A3956D46DE8}") = "Server", "Server", "{46008B91-6EC0-448B-8D1A-D8C6D2EEBEF4}"
EndProject
Project("{9A19103F-16F7-4668-BE54-9A1E7A4F7556}") = "Server.App", "Server\App\Server.App.csproj", "{69F1AA11-D05A-4843-B0DD-56B5E2E212A8}"
	ProjectSection(ProjectDependencies) = postProject
		{C305ED5B-8425-47A1-BEE1-85830CADC27A} = {C305ED5B-8425-47A1-BEE1-85830CADC27A}
	EndProjectSection
EndProject
Project("{9A19103F-16F7-4668-BE54-9A1E7A4F7556}") = "Server.Model", "Server\Model\Server.Model.csproj", "{EE38E3D2-3D2A-4061-BD50-AE8568126C7D}"
EndProject
Project("{9A19103F-16F7-4668-BE54-9A1E7A4F7556}") = "Server.Hotfix", "Server\Hotfix\Server.Hotfix.csproj", "{C305ED5B-8425-47A1-BEE1-85830CADC27A}"
EndProject
Project("{2150E333-8FDC-42A3-9474-1A3956D46DE8}") = "ThirdParty", "ThirdParty", "{543B6423-3F7E-4CAF-A6E4-F1FA15164C4B}"
EndProject
Project("{9A19103F-16F7-4668-BE54-9A1E7A4F7556}") = "ETTask", "ThirdParty\ETTask\ETTask.csproj", "{57841C16-3A68-4EF7-AECE-463EB7EB8D15}"
EndProject
Project("{9A19103F-16F7-4668-BE54-9A1E7A4F7556}") = "ShareLib", "ThirdParty\ShareLib\ShareLib.csproj", "{C0B11CB2-8C90-463D-A82E-AB67D166E3B6}"
EndProject
Project("{9A19103F-16F7-4668-BE54-9A1E7A4F7556}") = "UnityEngine", "ThirdParty\UnityEngine\UnityEngine.csproj", "{B670E58A-CB24-4281-A950-6A634875A7D3}"
EndProject
Global
	GlobalSection(SolutionConfigurationPlatforms) = preSolution
		Debug|Any CPU = Debug|Any CPU
		Debug|x64 = Debug|x64
		Debug|x86 = Debug|x86
		Release|Any CPU = Release|Any CPU
		Release|x64 = Release|x64
		Release|x86 = Release|x86
	EndGlobalSection
	GlobalSection(ProjectConfigurationPlatforms) = postSolution
		{69F1AA11-D05A-4843-B0DD-56B5E2E212A8}.Debug|Any CPU.ActiveCfg = Debug|Any CPU
		{69F1AA11-D05A-4843-B0DD-56B5E2E212A8}.Debug|Any CPU.Build.0 = Debug|Any CPU
		{69F1AA11-D05A-4843-B0DD-56B5E2E212A8}.Debug|x64.ActiveCfg = Debug|Any CPU
		{69F1AA11-D05A-4843-B0DD-56B5E2E212A8}.Debug|x64.Build.0 = Debug|Any CPU
		{69F1AA11-D05A-4843-B0DD-56B5E2E212A8}.Debug|x86.ActiveCfg = Debug|Any CPU
		{69F1AA11-D05A-4843-B0DD-56B5E2E212A8}.Debug|x86.Build.0 = Debug|Any CPU
		{69F1AA11-D05A-4843-B0DD-56B5E2E212A8}.Release|Any CPU.ActiveCfg = Release|Any CPU
		{69F1AA11-D05A-4843-B0DD-56B5E2E212A8}.Release|Any CPU.Build.0 = Release|Any CPU
		{69F1AA11-D05A-4843-B0DD-56B5E2E212A8}.Release|x64.ActiveCfg = Release|Any CPU
		{69F1AA11-D05A-4843-B0DD-56B5E2E212A8}.Release|x64.Build.0 = Release|Any CPU
		{69F1AA11-D05A-4843-B0DD-56B5E2E212A8}.Release|x86.ActiveCfg = Release|Any CPU
		{69F1AA11-D05A-4843-B0DD-56B5E2E212A8}.Release|x86.Build.0 = Release|Any CPU
		{EE38E3D2-3D2A-4061-BD50-AE8568126C7D}.Debug|Any CPU.ActiveCfg = Debug|Any CPU
		{EE38E3D2-3D2A-4061-BD50-AE8568126C7D}.Debug|Any CPU.Build.0 = Debug|Any CPU
		{EE38E3D2-3D2A-4061-BD50-AE8568126C7D}.Debug|x64.ActiveCfg = Debug|Any CPU
		{EE38E3D2-3D2A-4061-BD50-AE8568126C7D}.Debug|x64.Build.0 = Debug|Any CPU
		{EE38E3D2-3D2A-4061-BD50-AE8568126C7D}.Debug|x86.ActiveCfg = Debug|Any CPU
		{EE38E3D2-3D2A-4061-BD50-AE8568126C7D}.Debug|x86.Build.0 = Debug|Any CPU
		{EE38E3D2-3D2A-4061-BD50-AE8568126C7D}.Release|Any CPU.ActiveCfg = Release|Any CPU
		{EE38E3D2-3D2A-4061-BD50-AE8568126C7D}.Release|Any CPU.Build.0 = Release|Any CPU
		{EE38E3D2-3D2A-4061-BD50-AE8568126C7D}.Release|x64.ActiveCfg = Release|Any CPU
		{EE38E3D2-3D2A-4061-BD50-AE8568126C7D}.Release|x64.Build.0 = Release|Any CPU
		{EE38E3D2-3D2A-4061-BD50-AE8568126C7D}.Release|x86.ActiveCfg = Release|Any CPU
		{EE38E3D2-3D2A-4061-BD50-AE8568126C7D}.Release|x86.Build.0 = Release|Any CPU
		{C305ED5B-8425-47A1-BEE1-85830CADC27A}.Debug|Any CPU.ActiveCfg = Debug|Any CPU
		{C305ED5B-8425-47A1-BEE1-85830CADC27A}.Debug|Any CPU.Build.0 = Debug|Any CPU
		{C305ED5B-8425-47A1-BEE1-85830CADC27A}.Debug|x64.ActiveCfg = Debug|Any CPU
		{C305ED5B-8425-47A1-BEE1-85830CADC27A}.Debug|x64.Build.0 = Debug|Any CPU
		{C305ED5B-8425-47A1-BEE1-85830CADC27A}.Debug|x86.ActiveCfg = Debug|Any CPU
		{C305ED5B-8425-47A1-BEE1-85830CADC27A}.Debug|x86.Build.0 = Debug|Any CPU
		{C305ED5B-8425-47A1-BEE1-85830CADC27A}.Release|Any CPU.ActiveCfg = Release|Any CPU
		{C305ED5B-8425-47A1-BEE1-85830CADC27A}.Release|Any CPU.Build.0 = Release|Any CPU
		{C305ED5B-8425-47A1-BEE1-85830CADC27A}.Release|x64.ActiveCfg = Release|Any CPU
		{C305ED5B-8425-47A1-BEE1-85830CADC27A}.Release|x64.Build.0 = Release|Any CPU
		{C305ED5B-8425-47A1-BEE1-85830CADC27A}.Release|x86.ActiveCfg = Release|Any CPU
		{C305ED5B-8425-47A1-BEE1-85830CADC27A}.Release|x86.Build.0 = Release|Any CPU
		{57841C16-3A68-4EF7-AECE-463EB7EB8D15}.Debug|Any CPU.ActiveCfg = Debug|Any CPU
		{57841C16-3A68-4EF7-AECE-463EB7EB8D15}.Debug|Any CPU.Build.0 = Debug|Any CPU
		{57841C16-3A68-4EF7-AECE-463EB7EB8D15}.Debug|x64.ActiveCfg = Debug|Any CPU
		{57841C16-3A68-4EF7-AECE-463EB7EB8D15}.Debug|x64.Build.0 = Debug|Any CPU
		{57841C16-3A68-4EF7-AECE-463EB7EB8D15}.Debug|x86.ActiveCfg = Debug|Any CPU
		{57841C16-3A68-4EF7-AECE-463EB7EB8D15}.Debug|x86.Build.0 = Debug|Any CPU
		{57841C16-3A68-4EF7-AECE-463EB7EB8D15}.Release|Any CPU.ActiveCfg = Release|Any CPU
		{57841C16-3A68-4EF7-AECE-463EB7EB8D15}.Release|Any CPU.Build.0 = Release|Any CPU
		{57841C16-3A68-4EF7-AECE-463EB7EB8D15}.Release|x64.ActiveCfg = Release|Any CPU
		{57841C16-3A68-4EF7-AECE-463EB7EB8D15}.Release|x64.Build.0 = Release|Any CPU
		{57841C16-3A68-4EF7-AECE-463EB7EB8D15}.Release|x86.ActiveCfg = Release|Any CPU
		{57841C16-3A68-4EF7-AECE-463EB7EB8D15}.Release|x86.Build.0 = Release|Any CPU
		{C0B11CB2-8C90-463D-A82E-AB67D166E3B6}.Debug|Any CPU.ActiveCfg = Debug|Any CPU
		{C0B11CB2-8C90-463D-A82E-AB67D166E3B6}.Debug|Any CPU.Build.0 = Debug|Any CPU
		{C0B11CB2-8C90-463D-A82E-AB67D166E3B6}.Debug|x64.ActiveCfg = Debug|Any CPU
		{C0B11CB2-8C90-463D-A82E-AB67D166E3B6}.Debug|x64.Build.0 = Debug|Any CPU
		{C0B11CB2-8C90-463D-A82E-AB67D166E3B6}.Debug|x86.ActiveCfg = Debug|Any CPU
		{C0B11CB2-8C90-463D-A82E-AB67D166E3B6}.Debug|x86.Build.0 = Debug|Any CPU
		{C0B11CB2-8C90-463D-A82E-AB67D166E3B6}.Release|Any CPU.ActiveCfg = Release|Any CPU
		{C0B11CB2-8C90-463D-A82E-AB67D166E3B6}.Release|Any CPU.Build.0 = Release|Any CPU
		{C0B11CB2-8C90-463D-A82E-AB67D166E3B6}.Release|x64.ActiveCfg = Release|Any CPU
		{C0B11CB2-8C90-463D-A82E-AB67D166E3B6}.Release|x64.Build.0 = Release|Any CPU
		{C0B11CB2-8C90-463D-A82E-AB67D166E3B6}.Release|x86.ActiveCfg = Release|Any CPU
		{C0B11CB2-8C90-463D-A82E-AB67D166E3B6}.Release|x86.Build.0 = Release|Any CPU
		{B670E58A-CB24-4281-A950-6A634875A7D3}.Debug|Any CPU.ActiveCfg = Debug|Any CPU
		{B670E58A-CB24-4281-A950-6A634875A7D3}.Debug|Any CPU.Build.0 = Debug|Any CPU
		{B670E58A-CB24-4281-A950-6A634875A7D3}.Debug|x64.ActiveCfg = Debug|Any CPU
		{B670E58A-CB24-4281-A950-6A634875A7D3}.Debug|x64.Build.0 = Debug|Any CPU
		{B670E58A-CB24-4281-A950-6A634875A7D3}.Debug|x86.ActiveCfg = Debug|Any CPU
		{B670E58A-CB24-4281-A950-6A634875A7D3}.Debug|x86.Build.0 = Debug|Any CPU
		{B670E58A-CB24-4281-A950-6A634875A7D3}.Release|Any CPU.ActiveCfg = Release|Any CPU
		{B670E58A-CB24-4281-A950-6A634875A7D3}.Release|Any CPU.Build.0 = Release|Any CPU
		{B670E58A-CB24-4281-A950-6A634875A7D3}.Release|x64.ActiveCfg = Release|Any CPU
		{B670E58A-CB24-4281-A950-6A634875A7D3}.Release|x64.Build.0 = Release|Any CPU
		{B670E58A-CB24-4281-A950-6A634875A7D3}.Release|x86.ActiveCfg = Release|Any CPU
		{B670E58A-CB24-4281-A950-6A634875A7D3}.Release|x86.Build.0 = Release|Any CPU
	EndGlobalSection
	GlobalSection(SolutionProperties) = preSolution
		HideSolutionNode = FALSE
	EndGlobalSection
	GlobalSection(NestedProjects) = preSolution
		{69F1AA11-D05A-4843-B0DD-56B5E2E212A8} = {46008B91-6EC0-448B-8D1A-D8C6D2EEBEF4}
		{EE38E3D2-3D2A-4061-BD50-AE8568126C7D} = {46008B91-6EC0-448B-8D1A-D8C6D2EEBEF4}
		{C305ED5B-8425-47A1-BEE1-85830CADC27A} = {46008B91-6EC0-448B-8D1A-D8C6D2EEBEF4}
		{57841C16-3A68-4EF7-AECE-463EB7EB8D15} = {543B6423-3F7E-4CAF-A6E4-F1FA15164C4B}
		{C0B11CB2-8C90-463D-A82E-AB67D166E3B6} = {543B6423-3F7E-4CAF-A6E4-F1FA15164C4B}
		{B670E58A-CB24-4281-A950-6A634875A7D3} = {543B6423-3F7E-4CAF-A6E4-F1FA15164C4B}
	EndGlobalSection
	GlobalSection(ExtensibilityGlobals) = postSolution
		SolutionGuid = {EABC01E3-3EB5-47EF-B46E-AAD8BB3585F1}
	EndGlobalSection
EndGlobal
